
Microsoft Visual Studio Solution File, Format Version 12.00
# Visual Studio Version 16
VisualStudioVersion = 16.0.33529.622
MinimumVisualStudioVersion = 10.0.40219.1
Project("{FAE04EC0-301F-11D3-BF4B-00C04F79EFBC}") = "eTickets", "eTickets\eTickets.csproj", "{91CC1812-D32C-4C46-BA4F-BA478AE1E871}"
EndProject
Global
	GlobalSection(SolutionConfigurationPlatforms) = preSolution
		Debug|Any CPU = Debug|Any CPU
		Release|Any CPU = Release|Any CPU
	EndGlobalSection
	GlobalSection(ProjectConfigurationPlatforms) = postSolution
		{91CC1812-D32C-4C46-BA4F-BA478AE1E871}.Debug|Any CPU.ActiveCfg = Debug|Any CPU
		{91CC1812-D32C-4C46-BA4F-BA478AE1E871}.Debug|Any CPU.Build.0 = Debug|Any CPU
		{91CC1812-D32C-4C46-BA4F-BA478AE1E871}.Release|Any CPU.ActiveCfg = Release|Any CPU
		{91CC1812-D32C-4C46-BA4F-BA478AE1E871}.Release|Any CPU.Build.0 = Release|Any CPU
	EndGlobalSection
	GlobalSection(SolutionProperties) = preSolution
		HideSolutionNode = FALSE
	EndGlobalSection
	GlobalSection(ExtensibilityGlobals) = postSolution
		SolutionGuid = {895A0ED1-B9E6-4387-B3E5-C315E1D0EF73}
	EndGlobalSection
EndGlobal
